// !$*UTF8*$!
{
	archiveVersion = 1;
	classes = {
	};
	objectVersion = 56;
	objects = {

/* Begin PBXBuildFile section */
		922A1E972BCE6F32005CEB1A /* LandsView.swift in Sources */ = {isa = PBXBuildFile; fileRef = 922A1E962BCE6F32005CEB1A /* LandsView.swift */; };
		922A1E9A2BCE7F2A005CEB1A /* background-music.mp3 in Resources */ = {isa = PBXBuildFile; fileRef = 922A1E992BCE7F2A005CEB1A /* background-music.mp3 */; };
		922A1E9C2BCE823C005CEB1A /* BackgroundMusic.swift in Sources */ = {isa = PBXBuildFile; fileRef = 922A1E9B2BCE823C005CEB1A /* BackgroundMusic.swift */; };
		922E4A2E2BCE8877005B2B61 /* SoundEffects.swift in Sources */ = {isa = PBXBuildFile; fileRef = 922E4A2D2BCE8877005B2B61 /* SoundEffects.swift */; };
		922E4A362BCE8FB1005B2B61 /* click.mp3 in Resources */ = {isa = PBXBuildFile; fileRef = 922E4A352BCE8FB1005B2B61 /* click.mp3 */; };
		922E4A392BCE91BB005B2B61 /* CustomButton.swift in Sources */ = {isa = PBXBuildFile; fileRef = 922E4A382BCE91BB005B2B61 /* CustomButton.swift */; };
		9270ADE72BC9354000C44F38 /* FirstLandView.swift in Sources */ = {isa = PBXBuildFile; fileRef = 9270ADE62BC9354000C44F38 /* FirstLandView.swift */; };
		9270ADEC2BC9365F00C44F38 /* OFL.txt in Resources */ = {isa = PBXBuildFile; fileRef = 9270ADE92BC9365E00C44F38 /* OFL.txt */; };
		9270ADED2BC9365F00C44F38 /* Play-Bold.ttf in Resources */ = {isa = PBXBuildFile; fileRef = 9270ADEA2BC9365F00C44F38 /* Play-Bold.ttf */; };
		9270ADEE2BC9365F00C44F38 /* Play-Regular.ttf in Resources */ = {isa = PBXBuildFile; fileRef = 9270ADEB2BC9365F00C44F38 /* Play-Regular.ttf */; };
		9270ADF12BC9413000C44F38 /* SecondLandView.swift in Sources */ = {isa = PBXBuildFile; fileRef = 9270ADF02BC9413000C44F38 /* SecondLandView.swift */; };
		9270ADF42BC9548200C44F38 /* NavigationTransitions in Frameworks */ = {isa = PBXBuildFile; productRef = 9270ADF32BC9548200C44F38 /* NavigationTransitions */; };
		9270ADF62BC96A7200C44F38 /* Settings.swift in Sources */ = {isa = PBXBuildFile; fileRef = 9270ADF52BC96A7200C44F38 /* Settings.swift */; };
		929D0B8F2BC7D238000187FF /* EcoPlayApp.swift in Sources */ = {isa = PBXBuildFile; fileRef = 929D0B8E2BC7D238000187FF /* EcoPlayApp.swift */; };
		929D0B912BC7D238000187FF /* ContentView.swift in Sources */ = {isa = PBXBuildFile; fileRef = 929D0B902BC7D238000187FF /* ContentView.swift */; };
		929D0B932BC7D239000187FF /* Assets.xcassets in Resources */ = {isa = PBXBuildFile; fileRef = 929D0B922BC7D239000187FF /* Assets.xcassets */; };
		929D0B962BC7D239000187FF /* Preview Assets.xcassets in Resources */ = {isa = PBXBuildFile; fileRef = 929D0B952BC7D239000187FF /* Preview Assets.xcassets */; };
		92BD152A2BC7E490006767D1 /* recycle.gif in Resources */ = {isa = PBXBuildFile; fileRef = 92BD15292BC7E490006767D1 /* recycle.gif */; };
		92BD15332BC8127E006767D1 /* SwiftUIGIF in Frameworks */ = {isa = PBXBuildFile; productRef = 92BD15322BC8127E006767D1 /* SwiftUIGIF */; };
/* End PBXBuildFile section */

/* Begin PBXFileReference section */
		922A1E962BCE6F32005CEB1A /* LandsView.swift */ = {isa = PBXFileReference; lastKnownFileType = sourcecode.swift; path = LandsView.swift; sourceTree = "<group>"; };
		922A1E992BCE7F2A005CEB1A /* background-music.mp3 */ = {isa = PBXFileReference; lastKnownFileType = audio.mp3; path = "background-music.mp3"; sourceTree = "<group>"; };
		922A1E9B2BCE823C005CEB1A /* BackgroundMusic.swift */ = {isa = PBXFileReference; lastKnownFileType = sourcecode.swift; path = BackgroundMusic.swift; sourceTree = "<group>"; };
		922E4A2D2BCE8877005B2B61 /* SoundEffects.swift */ = {isa = PBXFileReference; lastKnownFileType = sourcecode.swift; path = SoundEffects.swift; sourceTree = "<group>"; };
		922E4A352BCE8FB1005B2B61 /* click.mp3 */ = {isa = PBXFileReference; lastKnownFileType = audio.mp3; name = click.mp3; path = ../../../../../Downloads/click.mp3; sourceTree = "<group>"; };
		922E4A382BCE91BB005B2B61 /* CustomButton.swift */ = {isa = PBXFileReference; lastKnownFileType = sourcecode.swift; path = CustomButton.swift; sourceTree = "<group>"; };
		9270ADE62BC9354000C44F38 /* FirstLandView.swift */ = {isa = PBXFileReference; lastKnownFileType = sourcecode.swift; path = FirstLandView.swift; sourceTree = "<group>"; };
		9270ADE92BC9365E00C44F38 /* OFL.txt */ = {isa = PBXFileReference; fileEncoding = 4; lastKnownFileType = text; path = OFL.txt; sourceTree = "<group>"; };
		9270ADEA2BC9365F00C44F38 /* Play-Bold.ttf */ = {isa = PBXFileReference; lastKnownFileType = file; path = "Play-Bold.ttf"; sourceTree = "<group>"; };
		9270ADEB2BC9365F00C44F38 /* Play-Regular.ttf */ = {isa = PBXFileReference; lastKnownFileType = file; path = "Play-Regular.ttf"; sourceTree = "<group>"; };
		9270ADEF2BC9378400C44F38 /* Info.plist */ = {isa = PBXFileReference; lastKnownFileType = text.plist; path = Info.plist; sourceTree = "<group>"; };
		9270ADF02BC9413000C44F38 /* SecondLandView.swift */ = {isa = PBXFileReference; lastKnownFileType = sourcecode.swift; path = SecondLandView.swift; sourceTree = "<group>"; };
		9270ADF52BC96A7200C44F38 /* Settings.swift */ = {isa = PBXFileReference; lastKnownFileType = sourcecode.swift; path = Settings.swift; sourceTree = "<group>"; };
		929D0B8B2BC7D238000187FF /* EcoPlay.app */ = {isa = PBXFileReference; explicitFileType = wrapper.application; includeInIndex = 0; path = EcoPlay.app; sourceTree = BUILT_PRODUCTS_DIR; };
		929D0B8E2BC7D238000187FF /* EcoPlayApp.swift */ = {isa = PBXFileReference; lastKnownFileType = sourcecode.swift; path = EcoPlayApp.swift; sourceTree = "<group>"; };
		929D0B902BC7D238000187FF /* ContentView.swift */ = {isa = PBXFileReference; lastKnownFileType = sourcecode.swift; path = ContentView.swift; sourceTree = "<group>"; };
		929D0B922BC7D239000187FF /* Assets.xcassets */ = {isa = PBXFileReference; lastKnownFileType = folder.assetcatalog; path = Assets.xcassets; sourceTree = "<group>"; };
		929D0B952BC7D239000187FF /* Preview Assets.xcassets */ = {isa = PBXFileReference; lastKnownFileType = folder.assetcatalog; path = "Preview Assets.xcassets"; sourceTree = "<group>"; };
		92BD15292BC7E490006767D1 /* recycle.gif */ = {isa = PBXFileReference; lastKnownFileType = image.gif; path = recycle.gif; sourceTree = "<group>"; };
/* End PBXFileReference section */

/* Begin PBXFrameworksBuildPhase section */
		929D0B882BC7D238000187FF /* Frameworks */ = {
			isa = PBXFrameworksBuildPhase;
			buildActionMask = 2147483647;
			files = (
				92BD15332BC8127E006767D1 /* SwiftUIGIF in Frameworks */,
				9270ADF42BC9548200C44F38 /* NavigationTransitions in Frameworks */,
			);
			runOnlyForDeploymentPostprocessing = 0;
		};
/* End PBXFrameworksBuildPhase section */

/* Begin PBXGroup section */
		922A1E982BCE7F11005CEB1A /* sounds */ = {
			isa = PBXGroup;
			children = (
				922E4A352BCE8FB1005B2B61 /* click.mp3 */,
				922A1E992BCE7F2A005CEB1A /* background-music.mp3 */,
			);
			path = sounds;
			sourceTree = "<group>";
		};
		922E4A372BCE9181005B2B61 /* components */ = {
			isa = PBXGroup;
			children = (
				9270ADF52BC96A7200C44F38 /* Settings.swift */,
				922E4A382BCE91BB005B2B61 /* CustomButton.swift */,
			);
			path = components;
			sourceTree = "<group>";
		};
		9270ADE82BC9362C00C44F38 /* fonts */ = {
			isa = PBXGroup;
			children = (
				9270ADE92BC9365E00C44F38 /* OFL.txt */,
				9270ADEA2BC9365F00C44F38 /* Play-Bold.ttf */,
				9270ADEB2BC9365F00C44F38 /* Play-Regular.ttf */,
			);
			path = fonts;
			sourceTree = "<group>";
		};
		929D0B822BC7D238000187FF = {
			isa = PBXGroup;
			children = (
				929D0B8D2BC7D238000187FF /* EcoPlay */,
				929D0B8C2BC7D238000187FF /* Products */,
			);
			sourceTree = "<group>";
		};
		929D0B8C2BC7D238000187FF /* Products */ = {
			isa = PBXGroup;
			children = (
				929D0B8B2BC7D238000187FF /* EcoPlay.app */,
			);
			name = Products;
			sourceTree = "<group>";
		};
		929D0B8D2BC7D238000187FF /* EcoPlay */ = {
			isa = PBXGroup;
			children = (
				92B571142BCFFC650065282B /* views */,
				92B571132BCFFAC90065282B /* classes */,
				922E4A372BCE9181005B2B61 /* components */,
				922A1E982BCE7F11005CEB1A /* sounds */,
				9270ADEF2BC9378400C44F38 /* Info.plist */,
				9270ADE82BC9362C00C44F38 /* fonts */,
				92BD152B2BC7E51B006767D1 /* images */,
				929D0B8E2BC7D238000187FF /* EcoPlayApp.swift */,
				929D0B922BC7D239000187FF /* Assets.xcassets */,
				929D0B942BC7D239000187FF /* Preview Content */,
			);
			path = EcoPlay;
			sourceTree = "<group>";
		};
		929D0B942BC7D239000187FF /* Preview Content */ = {
			isa = PBXGroup;
			children = (
				929D0B952BC7D239000187FF /* Preview Assets.xcassets */,
			);
			path = "Preview Content";
			sourceTree = "<group>";
		};
		92B571132BCFFAC90065282B /* classes */ = {
			isa = PBXGroup;
			children = (
				922A1E9B2BCE823C005CEB1A /* BackgroundMusic.swift */,
				922E4A2D2BCE8877005B2B61 /* SoundEffects.swift */,
			);
			path = classes;
			sourceTree = "<group>";
		};
		92B571142BCFFC650065282B /* views */ = {
			isa = PBXGroup;
			children = (
				929D0B902BC7D238000187FF /* ContentView.swift */,
				9270ADE62BC9354000C44F38 /* FirstLandView.swift */,
				922A1E962BCE6F32005CEB1A /* LandsView.swift */,
				9270ADF02BC9413000C44F38 /* SecondLandView.swift */,
			);
			path = views;
			sourceTree = "<group>";
		};
		92BD152B2BC7E51B006767D1 /* images */ = {
			isa = PBXGroup;
			children = (
				92BD15292BC7E490006767D1 /* recycle.gif */,
			);
			path = images;
			sourceTree = "<group>";
		};
/* End PBXGroup section */

/* Begin PBXNativeTarget section */
		929D0B8A2BC7D238000187FF /* EcoPlay */ = {
			isa = PBXNativeTarget;
			buildConfigurationList = 929D0B992BC7D239000187FF /* Build configuration list for PBXNativeTarget "EcoPlay" */;
			buildPhases = (
				929D0B872BC7D238000187FF /* Sources */,
				929D0B882BC7D238000187FF /* Frameworks */,
				929D0B892BC7D238000187FF /* Resources */,
			);
			buildRules = (
			);
			dependencies = (
			);
			name = EcoPlay;
			packageProductDependencies = (
				92BD15322BC8127E006767D1 /* SwiftUIGIF */,
				9270ADF32BC9548200C44F38 /* NavigationTransitions */,
			);
			productName = EcoPlay;
			productReference = 929D0B8B2BC7D238000187FF /* EcoPlay.app */;
			productType = "com.apple.product-type.application";
		};
/* End PBXNativeTarget section */

/* Begin PBXProject section */
		929D0B832BC7D238000187FF /* Project object */ = {
			isa = PBXProject;
			attributes = {
				BuildIndependentTargetsInParallel = 1;
				LastSwiftUpdateCheck = 1530;
				LastUpgradeCheck = 1530;
				TargetAttributes = {
					929D0B8A2BC7D238000187FF = {
						CreatedOnToolsVersion = 15.3;
					};
				};
			};
			buildConfigurationList = 929D0B862BC7D238000187FF /* Build configuration list for PBXProject "EcoPlay" */;
			compatibilityVersion = "Xcode 14.0";
			developmentRegion = en;
			hasScannedForEncodings = 0;
			knownRegions = (
				en,
				Base,
			);
			mainGroup = 929D0B822BC7D238000187FF;
			packageReferences = (
				92BD15312BC8127E006767D1 /* XCRemoteSwiftPackageReference "swiftui-gif" */,
				9270ADF22BC9548200C44F38 /* XCRemoteSwiftPackageReference "swiftui-navigation-transitions" */,
			);
			productRefGroup = 929D0B8C2BC7D238000187FF /* Products */;
			projectDirPath = "";
			projectRoot = "";
			targets = (
				929D0B8A2BC7D238000187FF /* EcoPlay */,
			);
		};
/* End PBXProject section */

/* Begin PBXResourcesBuildPhase section */
		929D0B892BC7D238000187FF /* Resources */ = {
			isa = PBXResourcesBuildPhase;
			buildActionMask = 2147483647;
			files = (
				929D0B962BC7D239000187FF /* Preview Assets.xcassets in Resources */,
				9270ADEE2BC9365F00C44F38 /* Play-Regular.ttf in Resources */,
				9270ADED2BC9365F00C44F38 /* Play-Bold.ttf in Resources */,
				929D0B932BC7D239000187FF /* Assets.xcassets in Resources */,
				9270ADEC2BC9365F00C44F38 /* OFL.txt in Resources */,
				922E4A362BCE8FB1005B2B61 /* click.mp3 in Resources */,
				922A1E9A2BCE7F2A005CEB1A /* background-music.mp3 in Resources */,
				92BD152A2BC7E490006767D1 /* recycle.gif in Resources */,
			);
			runOnlyForDeploymentPostprocessing = 0;
		};
/* End PBXResourcesBuildPhase section */

/* Begin PBXSourcesBuildPhase section */
		929D0B872BC7D238000187FF /* Sources */ = {
			isa = PBXSourcesBuildPhase;
			buildActionMask = 2147483647;
			files = (
				922A1E9C2BCE823C005CEB1A /* BackgroundMusic.swift in Sources */,
				922E4A2E2BCE8877005B2B61 /* SoundEffects.swift in Sources */,
				9270ADF62BC96A7200C44F38 /* Settings.swift in Sources */,
				929D0B912BC7D238000187FF /* ContentView.swift in Sources */,
				9270ADF12BC9413000C44F38 /* SecondLandView.swift in Sources */,
				9270ADE72BC9354000C44F38 /* FirstLandView.swift in Sources */,
				929D0B8F2BC7D238000187FF /* EcoPlayApp.swift in Sources */,
				922A1E972BCE6F32005CEB1A /* LandsView.swift in Sources */,
				922E4A392BCE91BB005B2B61 /* CustomButton.swift in Sources */,
			);
			runOnlyForDeploymentPostprocessing = 0;
		};
/* End PBXSourcesBuildPhase section */

/* Begin XCBuildConfiguration section */
		929D0B972BC7D239000187FF /* Debug */ = {
			isa = XCBuildConfiguration;
			buildSettings = {
				ALWAYS_SEARCH_USER_PATHS = NO;
				ASSETCATALOG_COMPILER_GENERATE_SWIFT_ASSET_SYMBOL_EXTENSIONS = YES;
				CLANG_ANALYZER_NONNULL = YES;
				CLANG_ANALYZER_NUMBER_OBJECT_CONVERSION = YES_AGGRESSIVE;
				CLANG_CXX_LANGUAGE_STANDARD = "gnu++20";
				CLANG_ENABLE_MODULES = YES;
				CLANG_ENABLE_OBJC_ARC = YES;
				CLANG_ENABLE_OBJC_WEAK = YES;
				CLANG_WARN_BLOCK_CAPTURE_AUTORELEASING = YES;
				CLANG_WARN_BOOL_CONVERSION = YES;
				CLANG_WARN_COMMA = YES;
				CLANG_WARN_CONSTANT_CONVERSION = YES;
				CLANG_WARN_DEPRECATED_OBJC_IMPLEMENTATIONS = YES;
				CLANG_WARN_DIRECT_OBJC_ISA_USAGE = YES_ERROR;
				CLANG_WARN_DOCUMENTATION_COMMENTS = YES;
				CLANG_WARN_EMPTY_BODY = YES;
				CLANG_WARN_ENUM_CONVERSION = YES;
				CLANG_WARN_INFINITE_RECURSION = YES;
				CLANG_WARN_INT_CONVERSION = YES;
				CLANG_WARN_NON_LITERAL_NULL_CONVERSION = YES;
				CLANG_WARN_OBJC_IMPLICIT_RETAIN_SELF = YES;
				CLANG_WARN_OBJC_LITERAL_CONVERSION = YES;
				CLANG_WARN_OBJC_ROOT_CLASS = YES_ERROR;
				CLANG_WARN_QUOTED_INCLUDE_IN_FRAMEWORK_HEADER = YES;
				CLANG_WARN_RANGE_LOOP_ANALYSIS = YES;
				CLANG_WARN_STRICT_PROTOTYPES = YES;
				CLANG_WARN_SUSPICIOUS_MOVE = YES;
				CLANG_WARN_UNGUARDED_AVAILABILITY = YES_AGGRESSIVE;
				CLANG_WARN_UNREACHABLE_CODE = YES;
				CLANG_WARN__DUPLICATE_METHOD_MATCH = YES;
				COPY_PHASE_STRIP = NO;
				DEBUG_INFORMATION_FORMAT = dwarf;
				ENABLE_STRICT_OBJC_MSGSEND = YES;
				ENABLE_TESTABILITY = YES;
				ENABLE_USER_SCRIPT_SANDBOXING = YES;
				GCC_C_LANGUAGE_STANDARD = gnu17;
				GCC_DYNAMIC_NO_PIC = NO;
				GCC_NO_COMMON_BLOCKS = YES;
				GCC_OPTIMIZATION_LEVEL = 0;
				GCC_PREPROCESSOR_DEFINITIONS = (
					"DEBUG=1",
					"$(inherited)",
				);
				GCC_WARN_64_TO_32_BIT_CONVERSION = YES;
				GCC_WARN_ABOUT_RETURN_TYPE = YES_ERROR;
				GCC_WARN_UNDECLARED_SELECTOR = YES;
				GCC_WARN_UNINITIALIZED_AUTOS = YES_AGGRESSIVE;
				GCC_WARN_UNUSED_FUNCTION = YES;
				GCC_WARN_UNUSED_VARIABLE = YES;
				IPHONEOS_DEPLOYMENT_TARGET = 17.4;
				LOCALIZATION_PREFERS_STRING_CATALOGS = YES;
				MTL_ENABLE_DEBUG_INFO = INCLUDE_SOURCE;
				MTL_FAST_MATH = YES;
				ONLY_ACTIVE_ARCH = YES;
				SDKROOT = iphoneos;
				SWIFT_ACTIVE_COMPILATION_CONDITIONS = "DEBUG $(inherited)";
				SWIFT_OPTIMIZATION_LEVEL = "-Onone";
			};
			name = Debug;
		};
		929D0B982BC7D239000187FF /* Release */ = {
			isa = XCBuildConfiguration;
			buildSettings = {
				ALWAYS_SEARCH_USER_PATHS = NO;
				ASSETCATALOG_COMPILER_GENERATE_SWIFT_ASSET_SYMBOL_EXTENSIONS = YES;
				CLANG_ANALYZER_NONNULL = YES;
				CLANG_ANALYZER_NUMBER_OBJECT_CONVERSION = YES_AGGRESSIVE;
				CLANG_CXX_LANGUAGE_STANDARD = "gnu++20";
				CLANG_ENABLE_MODULES = YES;
				CLANG_ENABLE_OBJC_ARC = YES;
				CLANG_ENABLE_OBJC_WEAK = YES;
				CLANG_WARN_BLOCK_CAPTURE_AUTORELEASING = YES;
				CLANG_WARN_BOOL_CONVERSION = YES;
				CLANG_WARN_COMMA = YES;
				CLANG_WARN_CONSTANT_CONVERSION = YES;
				CLANG_WARN_DEPRECATED_OBJC_IMPLEMENTATIONS = YES;
				CLANG_WARN_DIRECT_OBJC_ISA_USAGE = YES_ERROR;
				CLANG_WARN_DOCUMENTATION_COMMENTS = YES;
				CLANG_WARN_EMPTY_BODY = YES;
				CLANG_WARN_ENUM_CONVERSION = YES;
				CLANG_WARN_INFINITE_RECURSION = YES;
				CLANG_WARN_INT_CONVERSION = YES;
				CLANG_WARN_NON_LITERAL_NULL_CONVERSION = YES;
				CLANG_WARN_OBJC_IMPLICIT_RETAIN_SELF = YES;
				CLANG_WARN_OBJC_LITERAL_CONVERSION = YES;
				CLANG_WARN_OBJC_ROOT_CLASS = YES_ERROR;
				CLANG_WARN_QUOTED_INCLUDE_IN_FRAMEWORK_HEADER = YES;
				CLANG_WARN_RANGE_LOOP_ANALYSIS = YES;
				CLANG_WARN_STRICT_PROTOTYPES = YES;
				CLANG_WARN_SUSPICIOUS_MOVE = YES;
				CLANG_WARN_UNGUARDED_AVAILABILITY = YES_AGGRESSIVE;
				CLANG_WARN_UNREACHABLE_CODE = YES;
				CLANG_WARN__DUPLICATE_METHOD_MATCH = YES;
				COPY_PHASE_STRIP = NO;
				DEBUG_INFORMATION_FORMAT = "dwarf-with-dsym";
				ENABLE_NS_ASSERTIONS = NO;
				ENABLE_STRICT_OBJC_MSGSEND = YES;
				ENABLE_USER_SCRIPT_SANDBOXING = YES;
				GCC_C_LANGUAGE_STANDARD = gnu17;
				GCC_NO_COMMON_BLOCKS = YES;
				GCC_WARN_64_TO_32_BIT_CONVERSION = YES;
				GCC_WARN_ABOUT_RETURN_TYPE = YES_ERROR;
				GCC_WARN_UNDECLARED_SELECTOR = YES;
				GCC_WARN_UNINITIALIZED_AUTOS = YES_AGGRESSIVE;
				GCC_WARN_UNUSED_FUNCTION = YES;
				GCC_WARN_UNUSED_VARIABLE = YES;
				IPHONEOS_DEPLOYMENT_TARGET = 17.4;
				LOCALIZATION_PREFERS_STRING_CATALOGS = YES;
				MTL_ENABLE_DEBUG_INFO = NO;
				MTL_FAST_MATH = YES;
				SDKROOT = iphoneos;
				SWIFT_COMPILATION_MODE = wholemodule;
				VALIDATE_PRODUCT = YES;
			};
			name = Release;
		};
		929D0B9A2BC7D239000187FF /* Debug */ = {
			isa = XCBuildConfiguration;
			buildSettings = {
				ASSETCATALOG_COMPILER_APPICON_NAME = AppIcon;
				ASSETCATALOG_COMPILER_GLOBAL_ACCENT_COLOR_NAME = AccentColor;
				CODE_SIGN_STYLE = Automatic;
				CURRENT_PROJECT_VERSION = 1;
				DEVELOPMENT_ASSET_PATHS = "\"EcoPlay/Preview Content\"";
				DEVELOPMENT_TEAM = V2VTRYV2HK;
				ENABLE_PREVIEWS = YES;
				GENERATE_INFOPLIST_FILE = YES;
				INFOPLIST_FILE = EcoPlay/Info.plist;
				INFOPLIST_KEY_UIApplicationSceneManifest_Generation = YES;
				INFOPLIST_KEY_UIApplicationSupportsIndirectInputEvents = YES;
				INFOPLIST_KEY_UILaunchScreen_Generation = YES;
				INFOPLIST_KEY_UISupportedInterfaceOrientations_iPad = "UIInterfaceOrientationPortrait UIInterfaceOrientationPortraitUpsideDown UIInterfaceOrientationLandscapeLeft UIInterfaceOrientationLandscapeRight";
				INFOPLIST_KEY_UISupportedInterfaceOrientations_iPhone = "UIInterfaceOrientationPortrait UIInterfaceOrientationLandscapeLeft UIInterfaceOrientationLandscapeRight";
				LD_RUNPATH_SEARCH_PATHS = (
					"$(inherited)",
					"@executable_path/Frameworks",
				);
				MARKETING_VERSION = 1.0;
				PRODUCT_BUNDLE_IDENTIFIER = it.uniparthenope.applefoundation.EcoPlay;
				PRODUCT_NAME = "$(TARGET_NAME)";
				SWIFT_EMIT_LOC_STRINGS = YES;
				SWIFT_VERSION = 5.0;
				TARGETED_DEVICE_FAMILY = "1,2";
			};
			name = Debug;
		};
		929D0B9B2BC7D239000187FF /* Release */ = {
			isa = XCBuildConfiguration;
			buildSettings = {
				ASSETCATALOG_COMPILER_APPICON_NAME = AppIcon;
				ASSETCATALOG_COMPILER_GLOBAL_ACCENT_COLOR_NAME = AccentColor;
				CODE_SIGN_STYLE = Automatic;
				CURRENT_PROJECT_VERSION = 1;
				DEVELOPMENT_ASSET_PATHS = "\"EcoPlay/Preview Content\"";
				DEVELOPMENT_TEAM = V2VTRYV2HK;
				ENABLE_PREVIEWS = YES;
				GENERATE_INFOPLIST_FILE = YES;
				INFOPLIST_FILE = EcoPlay/Info.plist;
				INFOPLIST_KEY_UIApplicationSceneManifest_Generation = YES;
				INFOPLIST_KEY_UIApplicationSupportsIndirectInputEvents = YES;
				INFOPLIST_KEY_UILaunchScreen_Generation = YES;
				INFOPLIST_KEY_UISupportedInterfaceOrientations_iPad = "UIInterfaceOrientationPortrait UIInterfaceOrientationPortraitUpsideDown UIInterfaceOrientationLandscapeLeft UIInterfaceOrientationLandscapeRight";
				INFOPLIST_KEY_UISupportedInterfaceOrientations_iPhone = "UIInterfaceOrientationPortrait UIInterfaceOrientationLandscapeLeft UIInterfaceOrientationLandscapeRight";
				LD_RUNPATH_SEARCH_PATHS = (
					"$(inherited)",
					"@executable_path/Frameworks",
				);
				MARKETING_VERSION = 1.0;
				PRODUCT_BUNDLE_IDENTIFIER = it.uniparthenope.applefoundation.EcoPlay;
				PRODUCT_NAME = "$(TARGET_NAME)";
				SWIFT_EMIT_LOC_STRINGS = YES;
				SWIFT_VERSION = 5.0;
				TARGETED_DEVICE_FAMILY = "1,2";
			};
			name = Release;
		};
/* End XCBuildConfiguration section */

/* Begin XCConfigurationList section */
		929D0B862BC7D238000187FF /* Build configuration list for PBXProject "EcoPlay" */ = {
			isa = XCConfigurationList;
			buildConfigurations = (
				929D0B972BC7D239000187FF /* Debug */,
				929D0B982BC7D239000187FF /* Release */,
			);
			defaultConfigurationIsVisible = 0;
			defaultConfigurationName = Release;
		};
		929D0B992BC7D239000187FF /* Build configuration list for PBXNativeTarget "EcoPlay" */ = {
			isa = XCConfigurationList;
			buildConfigurations = (
				929D0B9A2BC7D239000187FF /* Debug */,
				929D0B9B2BC7D239000187FF /* Release */,
			);
			defaultConfigurationIsVisible = 0;
			defaultConfigurationName = Release;
		};
/* End XCConfigurationList section */

/* Begin XCRemoteSwiftPackageReference section */
		9270ADF22BC9548200C44F38 /* XCRemoteSwiftPackageReference "swiftui-navigation-transitions" */ = {
			isa = XCRemoteSwiftPackageReference;
			repositoryURL = "https://github.com/davdroman/swiftui-navigation-transitions.git";
			requirement = {
				kind = upToNextMajorVersion;
				minimumVersion = 0.13.3;
			};
		};
		92BD15312BC8127E006767D1 /* XCRemoteSwiftPackageReference "swiftui-gif" */ = {
			isa = XCRemoteSwiftPackageReference;
			repositoryURL = "https://github.com/globulus/swiftui-gif.git";
			requirement = {
				kind = upToNextMajorVersion;
				minimumVersion = 1.0.1;
			};
		};
/* End XCRemoteSwiftPackageReference section */

/* Begin XCSwiftPackageProductDependency section */
		9270ADF32BC9548200C44F38 /* NavigationTransitions */ = {
			isa = XCSwiftPackageProductDependency;
			package = 9270ADF22BC9548200C44F38 /* XCRemoteSwiftPackageReference "swiftui-navigation-transitions" */;
			productName = NavigationTransitions;
		};
		92BD15322BC8127E006767D1 /* SwiftUIGIF */ = {
			isa = XCSwiftPackageProductDependency;
			package = 92BD15312BC8127E006767D1 /* XCRemoteSwiftPackageReference "swiftui-gif" */;
			productName = SwiftUIGIF;
		};
/* End XCSwiftPackageProductDependency section */
	};
	rootObject = 929D0B832BC7D238000187FF /* Project object */;
}
